{
  "name": "unifique",
  "version": "1.0.0",
  "lockfileVersion": 3,
  "requires": true,
  "packages": {
    "": {
      "name": "unifique",
      "version": "1.0.0",
      "license": "ISC",
      "dependencies": {
        "node-modules": "^0.0.1",
        "yarn": "^1.22.22"
      }
    },
    "node_modules/node-modules": {
      "version": "0.0.1",
      "resolved": "https://registry.npmjs.org/node-modules/-/node-modules-0.0.1.tgz",
      "integrity": "sha512-310npB29YYezKgvU5Ei3z90rc95b0PA7vNF2Pw54MgcbnMd+t5c4LbmjP0/uDyapXb5vXcFuWEOIHtemQXN9Gw=="
    },
    "node_modules/yarn": {
      "version": "1.22.22",
      "resolved": "https://registry.npmjs.org/yarn/-/yarn-1.22.22.tgz",
      "integrity": "sha512-prL3kGtyG7o9Z9Sv8IPfBNrWTDmXB4Qbes8A9rEzt6wkJV8mUvoirjU0Mp3GGAU06Y0XQyA3/2/RQFVuK7MTfg==",
      "hasInstallScript": true,
      "bin": {
        "yarn": "bin/yarn.js",
        "yarnpkg": "bin/yarn.js"
      },
      "engines": {
        "node": ">=4.0.0"
      }
    }
  }
}
